github.com/gentahape/go-mod-sayhello v1.0.1 h1:mpM4xSxcrjm6nuuf6q01f2LfopeWutaPhMX31jI3wxs=
github.com/gentahape/go-mod-sayhello v1.0.1/go.mod h1:Hpo+46D2MniYLK2zDdMEuTU3Uuv0k9yIA/CXRlhICtk=
github.com/gentahape/go-mod-sayhello v1.5.0 h1:MTs5PEPNj9cZeHfZtqMxhVqkSk1nzp01HwQnMi3HTns=
github.com/gentahape/go-mod-sayhello v1.5.0/go.mod h1:Hpo+46D2MniYLK2zDdMEuTU3Uuv0k9yIA/CXRlhICtk=
